<?xml version="1.0" encoding="UTF-8"?>
<Solution>
	<Configurations>
		<BuildType Name="Debug"/>
		<BuildType Name="Release"/>
		<BuildType Name="MinSizeRel"/>
		<BuildType Name="RelWithDebInfo"/>
		<Platform Name="x64"/>
	</Configurations>
	<Project Path="ABDSimpleJuno106_WebUI.vcxproj" Type="8bc9ceb8-8b4a-11d0-8d11-00a0c91bc942" Id="6cb2907b-de01-36b3-bffa-68700548d7b2">
		<BuildDependency Project="ZERO_CHECK.vcxproj"/>
	</Project>
	<Project Path="ABDSimpleJuno106_rc_lib.vcxproj" Type="8bc9ceb8-8b4a-11d0-8d11-00a0c91bc942" Id="0d6f4737-a8d8-3f10-8e20-a81e7652242c">
		<BuildDependency Project="ZERO_CHECK.vcxproj"/>
	</Project>
	<Project Path="ABDSimpleJuno106_vst3_helper.vcxproj" Type="8bc9ceb8-8b4a-11d0-8d11-00a0c91bc942" Id="8152cd53-b212-30b9-9fe6-181b1006f814">
		<BuildDependency Project="ZERO_CHECK.vcxproj"/>
	</Project>
	<Project Path="JunoUnitTests.vcxproj" Type="8bc9ceb8-8b4a-11d0-8d11-00a0c91bc942" Id="7d26ba9e-369f-3eb8-aefb-edc86cea959d">
		<BuildDependency Project="JunoUnitTests_rc_lib.vcxproj"/>
		<BuildDependency Project="ZERO_CHECK.vcxproj"/>
	</Project>
	<Project Path="JunoUnitTests_rc_lib.vcxproj" Type="8bc9ceb8-8b4a-11d0-8d11-00a0c91bc942" Id="26db68b9-683a-30d8-87be-8e051fc1bbff">
		<BuildDependency Project="ZERO_CHECK.vcxproj"/>
	</Project>
	<Folder Name="/ABDSimpleJuno106/">
		<Project Path="ABDSimpleJuno106.vcxproj" Type="8bc9ceb8-8b4a-11d0-8d11-00a0c91bc942" Id="28144190-a08a-3b91-8337-48d31bdd749a">
			<BuildDependency Project="ABDSimpleJuno106_WebUI.vcxproj"/>
			<BuildDependency Project="ZERO_CHECK.vcxproj"/>
		</Project>
		<Project Path="ABDSimpleJuno106_All.vcxproj" Type="8bc9ceb8-8b4a-11d0-8d11-00a0c91bc942" Id="8a818c70-b10e-3085-857d-5ec1fd6c111a">
			<BuildDependency Project="ABDSimpleJuno106_Standalone.vcxproj"/>
			<BuildDependency Project="ABDSimpleJuno106_VST3.vcxproj"/>
			<BuildDependency Project="ZERO_CHECK.vcxproj"/>
			<Build Solution="Debug|*" Project="false"/>
			<Build Solution="Release|*" Project="false"/>
			<Build Solution="MinSizeRel|*" Project="false"/>
			<Build Solution="RelWithDebInfo|*" Project="false"/>
		</Project>
		<Project Path="ABDSimpleJuno106_Standalone.vcxproj" Type="8bc9ceb8-8b4a-11d0-8d11-00a0c91bc942" Id="a51ed8a1-8032-39a6-83b5-696f52df0617">
			<BuildDependency Project="ABDSimpleJuno106.vcxproj"/>
			<BuildDependency Project="ABDSimpleJuno106_WebUI.vcxproj"/>
			<BuildDependency Project="ABDSimpleJuno106_rc_lib.vcxproj"/>
			<BuildDependency Project="ZERO_CHECK.vcxproj"/>
		</Project>
		<Project Path="ABDSimpleJuno106_VST3.vcxproj" Type="8bc9ceb8-8b4a-11d0-8d11-00a0c91bc942" Id="fe679e20-3ac9-3e10-9c9f-0e29d11d925d">
			<BuildDependency Project="ABDSimpleJuno106.vcxproj"/>
			<BuildDependency Project="ABDSimpleJuno106_WebUI.vcxproj"/>
			<BuildDependency Project="ABDSimpleJuno106_rc_lib.vcxproj"/>
			<BuildDependency Project="ABDSimpleJuno106_vst3_helper.vcxproj"/>
			<BuildDependency Project="ZERO_CHECK.vcxproj"/>
		</Project>
	</Folder>
	<Folder Name="/CMakePredefinedTargets/">
		<Project Path="ALL_BUILD.vcxproj" Type="8bc9ceb8-8b4a-11d0-8d11-00a0c91bc942" Id="c96e20ac-a1ac-3ec0-a2ac-131b5c4739f4" DefaultStartup="true">
			<BuildDependency Project="ABDSimpleJuno106.vcxproj"/>
			<BuildDependency Project="ABDSimpleJuno106_Standalone.vcxproj"/>
			<BuildDependency Project="ABDSimpleJuno106_VST3.vcxproj"/>
			<BuildDependency Project="ABDSimpleJuno106_WebUI.vcxproj"/>
			<BuildDependency Project="ABDSimpleJuno106_rc_lib.vcxproj"/>
			<BuildDependency Project="ABDSimpleJuno106_vst3_helper.vcxproj"/>
			<BuildDependency Project="JunoUnitTests.vcxproj"/>
			<BuildDependency Project="JunoUnitTests_rc_lib.vcxproj"/>
			<BuildDependency Project="ZERO_CHECK.vcxproj"/>
		</Project>
		<Project Path="INSTALL.vcxproj" Type="8bc9ceb8-8b4a-11d0-8d11-00a0c91bc942" Id="cf7da766-e842-3dfc-9cdc-122a0dc3ce3d">
			<BuildDependency Project="ALL_BUILD.vcxproj"/>
			<BuildDependency Project="ZERO_CHECK.vcxproj"/>
			<Build Solution="Debug|*" Project="false"/>
			<Build Solution="Release|*" Project="false"/>
			<Build Solution="MinSizeRel|*" Project="false"/>
			<Build Solution="RelWithDebInfo|*" Project="false"/>
		</Project>
		<Project Path="ZERO_CHECK.vcxproj" Type="8bc9ceb8-8b4a-11d0-8d11-00a0c91bc942" Id="d76d0664-cdf0-330d-ab20-251e9c931778"/>
	</Folder>
</Solution>
