<?xml version="1.0" encoding="utf-8"?>
<Project ToolsVersion="18.0" xmlns="http://schemas.microsoft.com/developer/msbuild/2003">
  <ItemGroup>
    <CustomBuild Include="D:\desarrollos\ABDSynths\ABDJUNiO601\build_tests_run\CMakeFiles\96547c89fc8d08bdf45dfa04c1c8c6d2\JunoUnitTests_resources.rc.rule">
      <Filter>CMake Rules</Filter>
    </CustomBuild>
    <CustomBuild Include="D:\desarrollos\ABDSynths\ABDJUNiO601\CMakeLists.txt" />
  </ItemGroup>
  <ItemGroup>
    <ResourceCompile Include="D:\desarrollos\ABDSynths\ABDJUNiO601\build_tests_run\JunoUnitTests_artefacts\JuceLibraryCode\JunoUnitTests_resources.rc">
      <Filter>Source Files</Filter>
    </ResourceCompile>
  </ItemGroup>
  <ItemGroup>
    <Filter Include="CMake Rules">
      <UniqueIdentifier>{C3C19708-3C50-3F71-BF02-061F4BB73D23}</UniqueIdentifier>
    </Filter>
    <Filter Include="Source Files">
      <UniqueIdentifier>{6FBFA6C7-0C44-3235-B0DF-EC9D0446ED66}</UniqueIdentifier>
    </Filter>
  </ItemGroup>
</Project>
