<?xml version="1.0" encoding="utf-8"?>
<Project ToolsVersion="18.0" xmlns="http://schemas.microsoft.com/developer/msbuild/2003">
  <ItemGroup>
    <CustomBuild Include="D:\desarrollos\ABDSynths\ABDJUNiO601\build_j106\_juce\tools\CMakeFiles\f933b4604f4a65987a50ff0415a8b401\INSTALL_force.rule">
      <Filter>CMake Rules</Filter>
    </CustomBuild>
  </ItemGroup>
  <ItemGroup>
    <Filter Include="CMake Rules">
      <UniqueIdentifier>{39E22DC4-B70F-3A3D-879D-88E238C0F675}</UniqueIdentifier>
    </Filter>
  </ItemGroup>
</Project>
