<?xml version="1.0" encoding="UTF-8"?>
<Solution>
	<Configurations>
		<BuildType Name="Debug"/>
		<BuildType Name="Release"/>
		<BuildType Name="MinSizeRel"/>
		<BuildType Name="RelWithDebInfo"/>
		<Platform Name="x64"/>
	</Configurations>
	<Project Path="ABDSimpleJuno106_WebUI.vcxproj" Type="8bc9ceb8-8b4a-11d0-8d11-00a0c91bc942" Id="75c1bbd1-3574-3f16-9b4d-4e725788aea9">
		<BuildDependency Project="ZERO_CHECK.vcxproj"/>
	</Project>
	<Project Path="ABDSimpleJuno106_rc_lib.vcxproj" Type="8bc9ceb8-8b4a-11d0-8d11-00a0c91bc942" Id="5409ef81-bcb1-3685-a127-a3ab87a0b720">
		<BuildDependency Project="ZERO_CHECK.vcxproj"/>
	</Project>
	<Project Path="ABDSimpleJuno106_vst3_helper.vcxproj" Type="8bc9ceb8-8b4a-11d0-8d11-00a0c91bc942" Id="eacc00c0-c159-3490-9285-2822ce898adb">
		<BuildDependency Project="ZERO_CHECK.vcxproj"/>
	</Project>
	<Project Path="JunoUnitTests.vcxproj" Type="8bc9ceb8-8b4a-11d0-8d11-00a0c91bc942" Id="7424dd41-aad5-3f09-8f71-e1151e324a7f">
		<BuildDependency Project="JunoUnitTests_rc_lib.vcxproj"/>
		<BuildDependency Project="ZERO_CHECK.vcxproj"/>
	</Project>
	<Project Path="JunoUnitTests_rc_lib.vcxproj" Type="8bc9ceb8-8b4a-11d0-8d11-00a0c91bc942" Id="cb1e0980-21e8-307b-b09d-4c81d14e0626">
		<BuildDependency Project="ZERO_CHECK.vcxproj"/>
	</Project>
	<Folder Name="/ABDSimpleJuno106/">
		<Project Path="ABDSimpleJuno106.vcxproj" Type="8bc9ceb8-8b4a-11d0-8d11-00a0c91bc942" Id="f150c704-3e65-3799-9c5a-ceaf9a14e06e">
			<BuildDependency Project="ABDSimpleJuno106_WebUI.vcxproj"/>
			<BuildDependency Project="ZERO_CHECK.vcxproj"/>
		</Project>
		<Project Path="ABDSimpleJuno106_All.vcxproj" Type="8bc9ceb8-8b4a-11d0-8d11-00a0c91bc942" Id="76805453-88f4-3f20-82d3-2e273a94db76">
			<BuildDependency Project="ABDSimpleJuno106_Standalone.vcxproj"/>
			<BuildDependency Project="ABDSimpleJuno106_VST3.vcxproj"/>
			<BuildDependency Project="ZERO_CHECK.vcxproj"/>
			<Build Solution="Debug|*" Project="false"/>
			<Build Solution="Release|*" Project="false"/>
			<Build Solution="MinSizeRel|*" Project="false"/>
			<Build Solution="RelWithDebInfo|*" Project="false"/>
		</Project>
		<Project Path="ABDSimpleJuno106_Standalone.vcxproj" Type="8bc9ceb8-8b4a-11d0-8d11-00a0c91bc942" Id="de114bbc-d1f1-3427-8f98-f5fd7f9d2bec">
			<BuildDependency Project="ABDSimpleJuno106.vcxproj"/>
			<BuildDependency Project="ABDSimpleJuno106_WebUI.vcxproj"/>
			<BuildDependency Project="ABDSimpleJuno106_rc_lib.vcxproj"/>
			<BuildDependency Project="ZERO_CHECK.vcxproj"/>
		</Project>
		<Project Path="ABDSimpleJuno106_VST3.vcxproj" Type="8bc9ceb8-8b4a-11d0-8d11-00a0c91bc942" Id="681bcd84-2fd0-3e38-810e-3f696db8c3bc">
			<BuildDependency Project="ABDSimpleJuno106.vcxproj"/>
			<BuildDependency Project="ABDSimpleJuno106_WebUI.vcxproj"/>
			<BuildDependency Project="ABDSimpleJuno106_rc_lib.vcxproj"/>
			<BuildDependency Project="ABDSimpleJuno106_vst3_helper.vcxproj"/>
			<BuildDependency Project="ZERO_CHECK.vcxproj"/>
		</Project>
	</Folder>
	<Folder Name="/CMakePredefinedTargets/">
		<Project Path="ALL_BUILD.vcxproj" Type="8bc9ceb8-8b4a-11d0-8d11-00a0c91bc942" Id="574108bd-5367-3109-a818-61a89c8f00e4" DefaultStartup="true">
			<BuildDependency Project="ABDSimpleJuno106.vcxproj"/>
			<BuildDependency Project="ABDSimpleJuno106_Standalone.vcxproj"/>
			<BuildDependency Project="ABDSimpleJuno106_VST3.vcxproj"/>
			<BuildDependency Project="ABDSimpleJuno106_WebUI.vcxproj"/>
			<BuildDependency Project="ABDSimpleJuno106_rc_lib.vcxproj"/>
			<BuildDependency Project="ABDSimpleJuno106_vst3_helper.vcxproj"/>
			<BuildDependency Project="JunoUnitTests.vcxproj"/>
			<BuildDependency Project="JunoUnitTests_rc_lib.vcxproj"/>
			<BuildDependency Project="ZERO_CHECK.vcxproj"/>
		</Project>
		<Project Path="INSTALL.vcxproj" Type="8bc9ceb8-8b4a-11d0-8d11-00a0c91bc942" Id="782ed9be-d5ba-3864-9d5e-ce0ed6cf05ad">
			<BuildDependency Project="ALL_BUILD.vcxproj"/>
			<BuildDependency Project="ZERO_CHECK.vcxproj"/>
			<Build Solution="Debug|*" Project="false"/>
			<Build Solution="Release|*" Project="false"/>
			<Build Solution="MinSizeRel|*" Project="false"/>
			<Build Solution="RelWithDebInfo|*" Project="false"/>
		</Project>
		<Project Path="ZERO_CHECK.vcxproj" Type="8bc9ceb8-8b4a-11d0-8d11-00a0c91bc942" Id="45ad8c67-95b0-302c-95d6-99ec50eaca92"/>
	</Folder>
</Solution>
