<?xml version="1.0" encoding="utf-8"?>
<Project ToolsVersion="18.0" xmlns="http://schemas.microsoft.com/developer/msbuild/2003">
  <ItemGroup>
    <CustomBuild Include="D:\desarrollos\ABDSynths\ABDJUNiO601\build_test_m3\CMakeFiles\2cd28b90b631d35f57a2a60ef62aef1c\ABDSimpleJuno106_resources.rc.rule">
      <Filter>CMake Rules</Filter>
    </CustomBuild>
    <CustomBuild Include="D:\desarrollos\ABDSynths\ABDJUNiO601\CMakeLists.txt" />
  </ItemGroup>
  <ItemGroup>
    <ResourceCompile Include="D:\desarrollos\ABDSynths\ABDJUNiO601\build_test_m3\ABDSimpleJuno106_artefacts\JuceLibraryCode\ABDSimpleJuno106_resources.rc">
      <Filter>Source Files</Filter>
    </ResourceCompile>
  </ItemGroup>
  <ItemGroup>
    <Filter Include="CMake Rules">
      <UniqueIdentifier>{98C755AD-D8B6-33E4-97F9-98FE7C273624}</UniqueIdentifier>
    </Filter>
    <Filter Include="Source Files">
      <UniqueIdentifier>{198DB726-A0FE-3785-9854-F8DCB405B7F9}</UniqueIdentifier>
    </Filter>
  </ItemGroup>
</Project>
