<?xml version="1.0" encoding="utf-8"?>
<Project ToolsVersion="18.0" xmlns="http://schemas.microsoft.com/developer/msbuild/2003">
  <ItemGroup>
    <CustomBuild Include="D:\desarrollos\ABDSynths\ABDJUNiO601\build_test_m3\CMakeFiles\16bb22e3b260e698a8206215533bb53f\INSTALL_force.rule">
      <Filter>CMake Rules</Filter>
    </CustomBuild>
  </ItemGroup>
  <ItemGroup>
    <Filter Include="CMake Rules">
      <UniqueIdentifier>{98C755AD-D8B6-33E4-97F9-98FE7C273624}</UniqueIdentifier>
    </Filter>
  </ItemGroup>
</Project>
