<?xml version="1.0" encoding="UTF-8"?>
<Solution>
	<Configurations>
		<BuildType Name="Custom"/>
		<Platform Name="x64"/>
	</Configurations>
	<Project Path="extras/Build/juceaide/juceaide.vcxproj" Type="8bc9ceb8-8b4a-11d0-8d11-00a0c91bc942" Id="5b60f4b7-c0a9-3bae-8a67-b6424f93b32d">
		<BuildDependency Project="ZERO_CHECK.vcxproj"/>
	</Project>
	<Folder Name="/CMakePredefinedTargets/">
		<Project Path="ALL_BUILD.vcxproj" Type="8bc9ceb8-8b4a-11d0-8d11-00a0c91bc942" Id="5883aaaa-90c1-380b-85a4-cf90f13207bd" DefaultStartup="true">
			<BuildDependency Project="ZERO_CHECK.vcxproj"/>
			<BuildDependency Project="extras/Build/juceaide/juceaide.vcxproj"/>
		</Project>
		<Project Path="INSTALL.vcxproj" Type="8bc9ceb8-8b4a-11d0-8d11-00a0c91bc942" Id="b912f3a5-775e-3d48-85a6-6267ecfbec0f">
			<BuildDependency Project="ALL_BUILD.vcxproj"/>
			<BuildDependency Project="ZERO_CHECK.vcxproj"/>
			<Build Solution="Custom|*" Project="false"/>
		</Project>
		<Project Path="ZERO_CHECK.vcxproj" Type="8bc9ceb8-8b4a-11d0-8d11-00a0c91bc942" Id="f9315967-eff7-3767-9b02-16cb0a269e6e"/>
	</Folder>
</Solution>
