<?xml version="1.0" encoding="utf-8"?>
<Project ToolsVersion="18.0" xmlns="http://schemas.microsoft.com/developer/msbuild/2003">
  <ItemGroup>
    <CustomBuild Include="D:\desarrollos\ABDSynths\ABDJUNiO601\build_j60\_juce\tools\CMakeFiles\0fd2dba0fe25f26cd27c7724eeda4e10\INSTALL_force.rule">
      <Filter>CMake Rules</Filter>
    </CustomBuild>
  </ItemGroup>
  <ItemGroup>
    <Filter Include="CMake Rules">
      <UniqueIdentifier>{D50A6231-526C-3832-9115-D38C889632E8}</UniqueIdentifier>
    </Filter>
  </ItemGroup>
</Project>
