<?xml version="1.0" encoding="utf-8"?>
<Project ToolsVersion="18.0" xmlns="http://schemas.microsoft.com/developer/msbuild/2003">
  <ItemGroup>
    <ClCompile Include="D:\desarrollos\ABDSynths\ABDJUNiO601\JUCE\modules\juce_audio_plugin_client\VST3\juce_VST3ManifestHelper.cpp">
      <Filter>Source Files</Filter>
    </ClCompile>
  </ItemGroup>
  <ItemGroup>
    <CustomBuild Include="D:\desarrollos\ABDSynths\ABDJUNiO601\CMakeLists.txt" />
  </ItemGroup>
  <ItemGroup>
    <Filter Include="Source Files">
      <UniqueIdentifier>{FD5D333E-D0E8-3549-AF52-90ADBD40AE45}</UniqueIdentifier>
    </Filter>
  </ItemGroup>
</Project>
