<?xml version="1.0" encoding="utf-8"?>
<Project ToolsVersion="18.0" xmlns="http://schemas.microsoft.com/developer/msbuild/2003">
  <ItemGroup>
    <CustomBuild Include="D:\desarrollos\ABDSynths\ABDJUNiO601\build_j60\CMakeFiles\7df21f5f58466ed2679b5ea3d9fdccba\JunoUnitTests_resources.rc.rule">
      <Filter>CMake Rules</Filter>
    </CustomBuild>
    <CustomBuild Include="D:\desarrollos\ABDSynths\ABDJUNiO601\CMakeLists.txt" />
  </ItemGroup>
  <ItemGroup>
    <ResourceCompile Include="D:\desarrollos\ABDSynths\ABDJUNiO601\build_j60\JunoUnitTests_artefacts\JuceLibraryCode\JunoUnitTests_resources.rc">
      <Filter>Source Files</Filter>
    </ResourceCompile>
  </ItemGroup>
  <ItemGroup>
    <Filter Include="CMake Rules">
      <UniqueIdentifier>{633B9B2B-2324-3AAC-B1E4-E1EE2E577C6B}</UniqueIdentifier>
    </Filter>
    <Filter Include="Source Files">
      <UniqueIdentifier>{FD5D333E-D0E8-3549-AF52-90ADBD40AE45}</UniqueIdentifier>
    </Filter>
  </ItemGroup>
</Project>
