<?xml version="1.0" encoding="utf-8"?>
<Project ToolsVersion="18.0" xmlns="http://schemas.microsoft.com/developer/msbuild/2003">
  <ItemGroup>
    <CustomBuild Include="D:\desarrollos\ABDSynths\ABDJUNiO601\build_tests_run\CMakeFiles\29a5704d44e379f38114ab89a8c250a5\INSTALL_force.rule">
      <Filter>CMake Rules</Filter>
    </CustomBuild>
  </ItemGroup>
  <ItemGroup>
    <Filter Include="CMake Rules">
      <UniqueIdentifier>{C3C19708-3C50-3F71-BF02-061F4BB73D23}</UniqueIdentifier>
    </Filter>
  </ItemGroup>
</Project>
