<?xml version="1.0" encoding="utf-8"?>
<Project ToolsVersion="18.0" xmlns="http://schemas.microsoft.com/developer/msbuild/2003">
  <ItemGroup>
    <CustomBuild Include="D:\desarrollos\ABDSynths\ABDJUNiO601\build_tests_run\_juce\tools\CMakeFiles\dad9f3a2ff47c10a7b45b51d6f7c168a\INSTALL_force.rule">
      <Filter>CMake Rules</Filter>
    </CustomBuild>
  </ItemGroup>
  <ItemGroup>
    <Filter Include="CMake Rules">
      <UniqueIdentifier>{33464552-8B04-3562-8184-D500E6722354}</UniqueIdentifier>
    </Filter>
  </ItemGroup>
</Project>
