<?xml version="1.0" encoding="utf-8"?>
<Project ToolsVersion="18.0" xmlns="http://schemas.microsoft.com/developer/msbuild/2003">
  <ItemGroup>
    <CustomBuild Include="D:\desarrollos\ABDSynths\ABDJUNiO601\build_test_tmp\CMakeFiles\43caf01d008a6355cd003d062b46aa2f\INSTALL_force.rule">
      <Filter>CMake Rules</Filter>
    </CustomBuild>
  </ItemGroup>
  <ItemGroup>
    <Filter Include="CMake Rules">
      <UniqueIdentifier>{79B2B1ED-27B7-3D1F-AE02-42D7D0999449}</UniqueIdentifier>
    </Filter>
  </ItemGroup>
</Project>
