<?xml version="1.0" encoding="utf-8"?>
<Project ToolsVersion="18.0" xmlns="http://schemas.microsoft.com/developer/msbuild/2003">
  <ItemGroup>
    <CustomBuild Include="D:\desarrollos\ABDSynths\ABDJUNiO601\build_test_tmp\CMakeFiles\64c0433732ed69266f1fbbb68960f1d6\JunoUnitTests_resources.rc.rule">
      <Filter>CMake Rules</Filter>
    </CustomBuild>
    <CustomBuild Include="D:\desarrollos\ABDSynths\ABDJUNiO601\CMakeLists.txt" />
  </ItemGroup>
  <ItemGroup>
    <ResourceCompile Include="D:\desarrollos\ABDSynths\ABDJUNiO601\build_test_tmp\JunoUnitTests_artefacts\JuceLibraryCode\JunoUnitTests_resources.rc">
      <Filter>Source Files</Filter>
    </ResourceCompile>
  </ItemGroup>
  <ItemGroup>
    <Filter Include="CMake Rules">
      <UniqueIdentifier>{79B2B1ED-27B7-3D1F-AE02-42D7D0999449}</UniqueIdentifier>
    </Filter>
    <Filter Include="Source Files">
      <UniqueIdentifier>{0923D994-DE3D-397C-8082-C5B440B393A7}</UniqueIdentifier>
    </Filter>
  </ItemGroup>
</Project>
