<?xml version="1.0" encoding="utf-8"?>
<Project ToolsVersion="18.0" xmlns="http://schemas.microsoft.com/developer/msbuild/2003">
  <ItemGroup>
    <CustomBuild Include="D:\desarrollos\ABDSynths\ABDJUNiO601\build_supersix\CMakeFiles\393ef1701393ece8df2c7d17ac6559bd\generate.stamp.rule">
      <Filter>CMake Rules</Filter>
    </CustomBuild>
  </ItemGroup>
  <ItemGroup>
    <Filter Include="CMake Rules">
      <UniqueIdentifier>{E68106CB-F9AD-3473-9ED2-172EB72D97B6}</UniqueIdentifier>
    </Filter>
  </ItemGroup>
</Project>
